{
  "nodes": {
    "flake-utils": {
      "locked": {
        "lastModified": 1667395993,
        "narHash": "sha256-nuEHfE/LcWyuSWnS8t12N1wc105Qtau+/OdUAjtQ0rA=",
        "owner": "numtide",
        "repo": "flake-utils",
        "rev": "5aed5285a952e0b949eb3ba02c12fa4fcfef535f",
        "type": "github"
      },
      "original": {
        "owner": "numtide",
        "repo": "flake-utils",
        "type": "github"
      }
    },
    "nixpkgs": {
      "locked": {
        "lastModified": 1673957332,
        "narHash": "sha256-njH7Szk1BLVWGMw7IRibgGejSlxXHj9saZHfH20gHdk=",
        "owner": "nixos",
        "repo": "nixpkgs",
        "rev": "b83e7f5a04a3acc8e92228b0c4bae68933d504eb",
        "type": "github"
      },
      "original": {
        "owner": "nixos",
        "ref": "nixos-22.11",
        "repo": "nixpkgs",
        "type": "github"
      }
    },
    "pubmedparser": {
      "inputs": {
        "flake-utils": [
          "pubnet",
          "flake-utils"
        ],
        "nixpkgs": [
          "pubnet",
          "nixpkgs"
        ]
      },
      "locked": {
        "lastModified": 1662609176,
        "narHash": "sha256-wpGQXRiv9bxXLmeQ5hHF3T27u9ojEXPR2TbDKj7Izsk=",
        "owner": "DavidRConnell",
        "repo": "pubmedparser",
        "rev": "de8a682d5b48cb1fb719bf6ff654630737173fb0",
        "type": "gitlab"
      },
      "original": {
        "owner": "DavidRConnell",
        "ref": "major-version-1",
        "repo": "pubmedparser",
        "type": "gitlab"
      }
    },
    "pubnet": {
      "inputs": {
        "flake-utils": [
          "flake-utils"
        ],
        "nixpkgs": [
          "nixpkgs"
        ],
        "pubmedparser": "pubmedparser"
      },
      "locked": {
        "lastModified": 1675370930,
        "narHash": "sha256-YaTbMwOzUZtLAlCts4oz44+HBsEAp9eP/aPJEnz+cUM=",
        "owner": "net-synergy",
        "repo": "pubnet",
        "rev": "76e25478cfa5668e7fe45978605dd455f8c0e2c5",
        "type": "gitlab"
      },
      "original": {
        "owner": "net-synergy",
        "repo": "pubnet",
        "type": "gitlab"
      }
    },
    "root": {
      "inputs": {
        "flake-utils": "flake-utils",
        "nixpkgs": "nixpkgs",
        "pubnet": "pubnet",
        "vim": "vim"
      }
    },
    "vim": {
      "inputs": {
        "flake-utils": [
          "flake-utils"
        ],
        "nixpkgs": [
          "nixpkgs"
        ]
      },
      "locked": {
        "lastModified": 1667188387,
        "narHash": "sha256-yuiVjVc7UwBMzMuDXTNjtm9SiiFHIRX2+kTU313mpbw=",
        "owner": "DavidRConnell",
        "repo": "vim-container",
        "rev": "ca71903d735df2adbcd46b0b848e7ec01e5ad698",
        "type": "gitlab"
      },
      "original": {
        "owner": "DavidRConnell",
        "repo": "vim-container",
        "type": "gitlab"
      }
    }
  },
  "root": "root",
  "version": 7
}
